
Microsoft Visual Studio Solution File, Format Version 12.00
# Visual Studio Version 17
VisualStudioVersion = 17.7.34221.43
MinimumVisualStudioVersion = 10.0.40219.1
Project("{8BC9CEB8-8B4A-11D0-8D11-00A0C91BC942}") = "fieldNavigationProject", "fieldNavigationProject\fieldNavigationProject.vcxproj", "{B7444117-F3BE-4B00-BC27-EA2F09E81566}"
EndProject
Global
	GlobalSection(SolutionConfigurationPlatforms) = preSolution
		Debug|x64 = Debug|x64
		Release|x64 = Release|x64
	EndGlobalSection
	GlobalSection(ProjectConfigurationPlatforms) = postSolution
		{B7444117-F3BE-4B00-BC27-EA2F09E81566}.Debug|x64.ActiveCfg = Debug|x64
		{B7444117-F3BE-4B00-BC27-EA2F09E81566}.Debug|x64.Build.0 = Debug|x64
		{B7444117-F3BE-4B00-BC27-EA2F09E81566}.Release|x64.ActiveCfg = Release|x64
		{B7444117-F3BE-4B00-BC27-EA2F09E81566}.Release|x64.Build.0 = Release|x64
	EndGlobalSection
	GlobalSection(SolutionProperties) = preSolution
		HideSolutionNode = FALSE
	EndGlobalSection
	GlobalSection(ExtensibilityGlobals) = postSolution
		SolutionGuid = {D99B318B-14D1-4F06-9760-A5736F1C32CF}
	EndGlobalSection
EndGlobal
